<Solution>
  <Folder Name="/Solution Items/">
    <File Path=".editorconfig" />
  </Folder>
  <Project Path="LibraryApp.BLL/LibraryApp.BLL.csproj" Id="3ece9b2d-093f-4e66-9c5f-8ffb89307767" />
  <Project Path="LibraryApp.DAL/LibraryApp.DAL.csproj" Id="c627a4a5-b512-4aca-90fd-1883fe471c7a" />
  <Project Path="LibraryApp.Models/LibraryApp.Models.csproj" />
  <Project Path="LibraryApp.UI/LibraryApp.UI.csproj" Id="95f01538-47d3-4454-8b20-037488bbf329" />
</Solution>
